// !$*UTF8*$!
{
	archiveVersion = 1;
	classes = {
	};
	objectVersion = 52;
	objects = {

/* Begin PBXBuildFile section */
		B163260D264AE650004A42FC /* AppDelegate.swift in Sources */ = {isa = PBXBuildFile; fileRef = B163260C264AE650004A42FC /* AppDelegate.swift */; };
		B1632611264AE650004A42FC /* ImagesViewController.swift in Sources */ = {isa = PBXBuildFile; fileRef = B1632610264AE650004A42FC /* ImagesViewController.swift */; };
		B1632614264AE650004A42FC /* Main.storyboard in Resources */ = {isa = PBXBuildFile; fileRef = B1632612264AE650004A42FC /* Main.storyboard */; };
		B1632616264AE651004A42FC /* Assets.xcassets in Resources */ = {isa = PBXBuildFile; fileRef = B1632615264AE651004A42FC /* Assets.xcassets */; };
		B1632619264AE651004A42FC /* LaunchScreen.storyboard in Resources */ = {isa = PBXBuildFile; fileRef = B1632617264AE651004A42FC /* LaunchScreen.storyboard */; };
		B163262F264AE651004A42FC /* CaseStudyUITests.swift in Sources */ = {isa = PBXBuildFile; fileRef = B163262E264AE651004A42FC /* CaseStudyUITests.swift */; };
		B1632675264AEBDE004A42FC /* Alamofire in Frameworks */ = {isa = PBXBuildFile; productRef = B1632674264AEBDE004A42FC /* Alamofire */; };
		B163267B264AEBFF004A42FC /* AlamofireImage in Frameworks */ = {isa = PBXBuildFile; productRef = B163267A264AEBFF004A42FC /* AlamofireImage */; };
		B1AA447B264C8909001028E5 /* ImageCell.swift in Sources */ = {isa = PBXBuildFile; fileRef = B1AA4479264C8909001028E5 /* ImageCell.swift */; };
		B1AA447C264C8909001028E5 /* ImageCell.xib in Resources */ = {isa = PBXBuildFile; fileRef = B1AA447A264C8909001028E5 /* ImageCell.xib */; };
		B1AA4481264C8A81001028E5 /* ImageCellPresenter.swift in Sources */ = {isa = PBXBuildFile; fileRef = B1AA4480264C8A81001028E5 /* ImageCellPresenter.swift */; };
		B1AD5D22264C760400F89918 /* ImagePresentation.swift in Sources */ = {isa = PBXBuildFile; fileRef = B1AD5D21264C760400F89918 /* ImagePresentation.swift */; };
		B1AD5D2F264C7A3600F89918 /* ImagesPresentation.swift in Sources */ = {isa = PBXBuildFile; fileRef = B1AD5D2E264C7A3600F89918 /* ImagesPresentation.swift */; };
		B1B35D80264C6CDE0087C252 /* Image.swift in Sources */ = {isa = PBXBuildFile; fileRef = B1B35D7F264C6CDE0087C252 /* Image.swift */; };
		B1B35D89264C6D2E0087C252 /* GetImagesTask.swift in Sources */ = {isa = PBXBuildFile; fileRef = B1B35D88264C6D2E0087C252 /* GetImagesTask.swift */; };
		B1D054FC264AEE2E00E3F62A /* ViewController.swift in Sources */ = {isa = PBXBuildFile; fileRef = B1D054FB264AEE2E00E3F62A /* ViewController.swift */; };
		B1D05505264AEEB100E3F62A /* UIStoryboard+Additions.swift in Sources */ = {isa = PBXBuildFile; fileRef = B1D05504264AEEB100E3F62A /* UIStoryboard+Additions.swift */; };
		B1D0550D264AEF0500E3F62A /* Router.swift in Sources */ = {isa = PBXBuildFile; fileRef = B1D0550C264AEF0400E3F62A /* Router.swift */; };
		B1D05512264AEF6300E3F62A /* ImagesRouter.swift in Sources */ = {isa = PBXBuildFile; fileRef = B1D05511264AEF6300E3F62A /* ImagesRouter.swift */; };
		B1D05517264AEFBF00E3F62A /* AppRouter.swift in Sources */ = {isa = PBXBuildFile; fileRef = B1D05516264AEFBF00E3F62A /* AppRouter.swift */; };
		B1D0551F264AF7F400E3F62A /* Presenter.swift in Sources */ = {isa = PBXBuildFile; fileRef = B1D0551E264AF7F400E3F62A /* Presenter.swift */; };
		B1D05524264AFD5700E3F62A /* ImagesPresenter.swift in Sources */ = {isa = PBXBuildFile; fileRef = B1D05523264AFD5700E3F62A /* ImagesPresenter.swift */; };
		B1D0552C264B016500E3F62A /* ImagesPresenterTests.swift in Sources */ = {isa = PBXBuildFile; fileRef = B1D0552B264B016500E3F62A /* ImagesPresenterTests.swift */; };
		B1D05538264B048500E3F62A /* MockImagesRouter.swift in Sources */ = {isa = PBXBuildFile; fileRef = B1D05537264B048500E3F62A /* MockImagesRouter.swift */; };
		B1D0553D264B056C00E3F62A /* MockImagesView.swift in Sources */ = {isa = PBXBuildFile; fileRef = B1D0553C264B056C00E3F62A /* MockImagesView.swift */; };
		B1D0554A264B094100E3F62A /* ConfigReader.swift in Sources */ = {isa = PBXBuildFile; fileRef = B1D05549264B094100E3F62A /* ConfigReader.swift */; };
		B1D05552264B095B00E3F62A /* String+Additions.swift in Sources */ = {isa = PBXBuildFile; fileRef = B1D05551264B095B00E3F62A /* String+Additions.swift */; };
		B1D05560264B0A6800E3F62A /* Bundle+Additions.swift in Sources */ = {isa = PBXBuildFile; fileRef = B1D0555F264B0A6800E3F62A /* Bundle+Additions.swift */; };
		B1D05569264B0AB200E3F62A /* API.swift in Sources */ = {isa = PBXBuildFile; fileRef = B1D05568264B0AB200E3F62A /* API.swift */; };
		B1D0556E264B0B2000E3F62A /* APIError.swift in Sources */ = {isa = PBXBuildFile; fileRef = B1D0556D264B0B2000E3F62A /* APIError.swift */; };
		B1D05573264B0B6F00E3F62A /* APIResponse.swift in Sources */ = {isa = PBXBuildFile; fileRef = B1D05572264B0B6F00E3F62A /* APIResponse.swift */; };
		B1D05578264B0B9200E3F62A /* Service.swift in Sources */ = {isa = PBXBuildFile; fileRef = B1D05577264B0B9200E3F62A /* Service.swift */; };
		B1D0557E264B0C0100E3F62A /* RestAPI.swift in Sources */ = {isa = PBXBuildFile; fileRef = B1D0557D264B0C0100E3F62A /* RestAPI.swift */; };
		B1D05584264B0C6600E3F62A /* HTTPTask.swift in Sources */ = {isa = PBXBuildFile; fileRef = B1D05583264B0C6600E3F62A /* HTTPTask.swift */; };
		B1D0558D264B0E3300E3F62A /* Array+Additions.swift in Sources */ = {isa = PBXBuildFile; fileRef = B1D0558C264B0E3300E3F62A /* Array+Additions.swift */; };
		B1D05595264B0EB200E3F62A /* RestAPIMiddleware.swift in Sources */ = {isa = PBXBuildFile; fileRef = B1D05594264B0EB200E3F62A /* RestAPIMiddleware.swift */; };
		B1D0559A264B0F1E00E3F62A /* Alamofire+Additions.swift in Sources */ = {isa = PBXBuildFile; fileRef = B1D05599264B0F1E00E3F62A /* Alamofire+Additions.swift */; };
		B1D055A6264B0F7400E3F62A /* HTTPHeaders+Additions.swift in Sources */ = {isa = PBXBuildFile; fileRef = B1D055A5264B0F7400E3F62A /* HTTPHeaders+Additions.swift */; };
		B1D055AC264B100F00E3F62A /* Dictionary+Additions.swift in Sources */ = {isa = PBXBuildFile; fileRef = B1D055AB264B100F00E3F62A /* Dictionary+Additions.swift */; };
		B1D055B7264B10F100E3F62A /* RestResponse.swift in Sources */ = {isa = PBXBuildFile; fileRef = B1D055B6264B10F100E3F62A /* RestResponse.swift */; };
		B1D055BC264B10FF00E3F62A /* RestArrayResponse.swift in Sources */ = {isa = PBXBuildFile; fileRef = B1D055BB264B10FF00E3F62A /* RestArrayResponse.swift */; };
		B1D055C1264B115E00E3F62A /* RestObjectResponse.swift in Sources */ = {isa = PBXBuildFile; fileRef = B1D055C0264B115E00E3F62A /* RestObjectResponse.swift */; };
		B1D055CD264B130F00E3F62A /* RestService.swift in Sources */ = {isa = PBXBuildFile; fileRef = B1D055CC264B130F00E3F62A /* RestService.swift */; };
		B1D055F9264B1FBA00E3F62A /* Interactor.swift in Sources */ = {isa = PBXBuildFile; fileRef = B1D055F8264B1FBA00E3F62A /* Interactor.swift */; };
		B1D055FE264B20A500E3F62A /* ImagesInteractor.swift in Sources */ = {isa = PBXBuildFile; fileRef = B1D055FD264B20A500E3F62A /* ImagesInteractor.swift */; };
		B1D05603264B297900E3F62A /* RestMetaResponse.swift in Sources */ = {isa = PBXBuildFile; fileRef = B1D05602264B297900E3F62A /* RestMetaResponse.swift */; };
/* End PBXBuildFile section */

/* Begin PBXContainerItemProxy section */
		B1632620264AE651004A42FC /* PBXContainerItemProxy */ = {
			isa = PBXContainerItemProxy;
			containerPortal = B1632601264AE650004A42FC /* Project object */;
			proxyType = 1;
			remoteGlobalIDString = B1632608264AE650004A42FC;
			remoteInfo = CaseStudy;
		};
		B163262B264AE651004A42FC /* PBXContainerItemProxy */ = {
			isa = PBXContainerItemProxy;
			containerPortal = B1632601264AE650004A42FC /* Project object */;
			proxyType = 1;
			remoteGlobalIDString = B1632608264AE650004A42FC;
			remoteInfo = CaseStudy;
		};
/* End PBXContainerItemProxy section */

/* Begin PBXFileReference section */
		B1632609264AE650004A42FC /* CaseStudy.app */ = {isa = PBXFileReference; explicitFileType = wrapper.application; includeInIndex = 0; path = CaseStudy.app; sourceTree = BUILT_PRODUCTS_DIR; };
		B163260C264AE650004A42FC /* AppDelegate.swift */ = {isa = PBXFileReference; lastKnownFileType = sourcecode.swift; path = AppDelegate.swift; sourceTree = "<group>"; };
		B1632610264AE650004A42FC /* ImagesViewController.swift */ = {isa = PBXFileReference; lastKnownFileType = sourcecode.swift; path = ImagesViewController.swift; sourceTree = "<group>"; };
		B1632613264AE650004A42FC /* Base */ = {isa = PBXFileReference; lastKnownFileType = file.storyboard; name = Base; path = Base.lproj/Main.storyboard; sourceTree = "<group>"; };
		B1632615264AE651004A42FC /* Assets.xcassets */ = {isa = PBXFileReference; lastKnownFileType = folder.assetcatalog; path = Assets.xcassets; sourceTree = "<group>"; };
		B1632618264AE651004A42FC /* Base */ = {isa = PBXFileReference; lastKnownFileType = file.storyboard; name = Base; path = Base.lproj/LaunchScreen.storyboard; sourceTree = "<group>"; };
		B163261A264AE651004A42FC /* Info.plist */ = {isa = PBXFileReference; lastKnownFileType = text.plist.xml; path = Info.plist; sourceTree = "<group>"; };
		B163261F264AE651004A42FC /* CaseStudyTests.xctest */ = {isa = PBXFileReference; explicitFileType = wrapper.cfbundle; includeInIndex = 0; path = CaseStudyTests.xctest; sourceTree = BUILT_PRODUCTS_DIR; };
		B1632625264AE651004A42FC /* Info.plist */ = {isa = PBXFileReference; lastKnownFileType = text.plist.xml; path = Info.plist; sourceTree = "<group>"; };
		B163262A264AE651004A42FC /* CaseStudyUITests.xctest */ = {isa = PBXFileReference; explicitFileType = wrapper.cfbundle; includeInIndex = 0; path = CaseStudyUITests.xctest; sourceTree = BUILT_PRODUCTS_DIR; };
		B163262E264AE651004A42FC /* CaseStudyUITests.swift */ = {isa = PBXFileReference; lastKnownFileType = sourcecode.swift; path = CaseStudyUITests.swift; sourceTree = "<group>"; };
		B1632630264AE651004A42FC /* Info.plist */ = {isa = PBXFileReference; lastKnownFileType = text.plist.xml; path = Info.plist; sourceTree = "<group>"; };
		B1AA4479264C8909001028E5 /* ImageCell.swift */ = {isa = PBXFileReference; lastKnownFileType = sourcecode.swift; path = ImageCell.swift; sourceTree = "<group>"; };
		B1AA447A264C8909001028E5 /* ImageCell.xib */ = {isa = PBXFileReference; lastKnownFileType = file.xib; path = ImageCell.xib; sourceTree = "<group>"; };
		B1AA4480264C8A81001028E5 /* ImageCellPresenter.swift */ = {isa = PBXFileReference; lastKnownFileType = sourcecode.swift; path = ImageCellPresenter.swift; sourceTree = "<group>"; };
		B1AD5D21264C760400F89918 /* ImagePresentation.swift */ = {isa = PBXFileReference; lastKnownFileType = sourcecode.swift; path = ImagePresentation.swift; sourceTree = "<group>"; };
		B1AD5D2E264C7A3600F89918 /* ImagesPresentation.swift */ = {isa = PBXFileReference; lastKnownFileType = sourcecode.swift; path = ImagesPresentation.swift; sourceTree = "<group>"; };
		B1B35D7F264C6CDE0087C252 /* Image.swift */ = {isa = PBXFileReference; lastKnownFileType = sourcecode.swift; path = Image.swift; sourceTree = "<group>"; };
		B1B35D88264C6D2E0087C252 /* GetImagesTask.swift */ = {isa = PBXFileReference; lastKnownFileType = sourcecode.swift; path = GetImagesTask.swift; sourceTree = "<group>"; };
		B1D054FB264AEE2E00E3F62A /* ViewController.swift */ = {isa = PBXFileReference; lastKnownFileType = sourcecode.swift; path = ViewController.swift; sourceTree = "<group>"; };
		B1D05504264AEEB100E3F62A /* UIStoryboard+Additions.swift */ = {isa = PBXFileReference; lastKnownFileType = sourcecode.swift; path = "UIStoryboard+Additions.swift"; sourceTree = "<group>"; };
		B1D0550C264AEF0400E3F62A /* Router.swift */ = {isa = PBXFileReference; lastKnownFileType = sourcecode.swift; path = Router.swift; sourceTree = "<group>"; };
		B1D05511264AEF6300E3F62A /* ImagesRouter.swift */ = {isa = PBXFileReference; lastKnownFileType = sourcecode.swift; path = ImagesRouter.swift; sourceTree = "<group>"; };
		B1D05516264AEFBF00E3F62A /* AppRouter.swift */ = {isa = PBXFileReference; lastKnownFileType = sourcecode.swift; path = AppRouter.swift; sourceTree = "<group>"; };
		B1D0551E264AF7F400E3F62A /* Presenter.swift */ = {isa = PBXFileReference; lastKnownFileType = sourcecode.swift; path = Presenter.swift; sourceTree = "<group>"; };
		B1D05523264AFD5700E3F62A /* ImagesPresenter.swift */ = {isa = PBXFileReference; lastKnownFileType = sourcecode.swift; path = ImagesPresenter.swift; sourceTree = "<group>"; };
		B1D0552B264B016500E3F62A /* ImagesPresenterTests.swift */ = {isa = PBXFileReference; lastKnownFileType = sourcecode.swift; path = ImagesPresenterTests.swift; sourceTree = "<group>"; };
		B1D05537264B048500E3F62A /* MockImagesRouter.swift */ = {isa = PBXFileReference; lastKnownFileType = sourcecode.swift; path = MockImagesRouter.swift; sourceTree = "<group>"; };
		B1D0553C264B056C00E3F62A /* MockImagesView.swift */ = {isa = PBXFileReference; lastKnownFileType = sourcecode.swift; path = MockImagesView.swift; sourceTree = "<group>"; };
		B1D05549264B094100E3F62A /* ConfigReader.swift */ = {isa = PBXFileReference; lastKnownFileType = sourcecode.swift; path = ConfigReader.swift; sourceTree = "<group>"; };
		B1D05551264B095B00E3F62A /* String+Additions.swift */ = {isa = PBXFileReference; lastKnownFileType = sourcecode.swift; path = "String+Additions.swift"; sourceTree = "<group>"; };
		B1D0555F264B0A6800E3F62A /* Bundle+Additions.swift */ = {isa = PBXFileReference; lastKnownFileType = sourcecode.swift; path = "Bundle+Additions.swift"; sourceTree = "<group>"; };
		B1D05568264B0AB200E3F62A /* API.swift */ = {isa = PBXFileReference; lastKnownFileType = sourcecode.swift; path = API.swift; sourceTree = "<group>"; };
		B1D0556D264B0B2000E3F62A /* APIError.swift */ = {isa = PBXFileReference; lastKnownFileType = sourcecode.swift; path = APIError.swift; sourceTree = "<group>"; };
		B1D05572264B0B6F00E3F62A /* APIResponse.swift */ = {isa = PBXFileReference; lastKnownFileType = sourcecode.swift; path = APIResponse.swift; sourceTree = "<group>"; };
		B1D05577264B0B9200E3F62A /* Service.swift */ = {isa = PBXFileReference; lastKnownFileType = sourcecode.swift; path = Service.swift; sourceTree = "<group>"; };
		B1D0557D264B0C0100E3F62A /* RestAPI.swift */ = {isa = PBXFileReference; lastKnownFileType = sourcecode.swift; path = RestAPI.swift; sourceTree = "<group>"; };
		B1D05583264B0C6600E3F62A /* HTTPTask.swift */ = {isa = PBXFileReference; lastKnownFileType = sourcecode.swift; path = HTTPTask.swift; sourceTree = "<group>"; };
		B1D0558C264B0E3300E3F62A /* Array+Additions.swift */ = {isa = PBXFileReference; lastKnownFileType = sourcecode.swift; path = "Array+Additions.swift"; sourceTree = "<group>"; };
		B1D05594264B0EB200E3F62A /* RestAPIMiddleware.swift */ = {isa = PBXFileReference; lastKnownFileType = sourcecode.swift; path = RestAPIMiddleware.swift; sourceTree = "<group>"; };
		B1D05599264B0F1E00E3F62A /* Alamofire+Additions.swift */ = {isa = PBXFileReference; lastKnownFileType = sourcecode.swift; path = "Alamofire+Additions.swift"; sourceTree = "<group>"; };
		B1D055A5264B0F7400E3F62A /* HTTPHeaders+Additions.swift */ = {isa = PBXFileReference; lastKnownFileType = sourcecode.swift; path = "HTTPHeaders+Additions.swift"; sourceTree = "<group>"; };
		B1D055AB264B100F00E3F62A /* Dictionary+Additions.swift */ = {isa = PBXFileReference; lastKnownFileType = sourcecode.swift; path = "Dictionary+Additions.swift"; sourceTree = "<group>"; };
		B1D055B6264B10F100E3F62A /* RestResponse.swift */ = {isa = PBXFileReference; lastKnownFileType = sourcecode.swift; path = RestResponse.swift; sourceTree = "<group>"; };
		B1D055BB264B10FF00E3F62A /* RestArrayResponse.swift */ = {isa = PBXFileReference; lastKnownFileType = sourcecode.swift; path = RestArrayResponse.swift; sourceTree = "<group>"; };
		B1D055C0264B115E00E3F62A /* RestObjectResponse.swift */ = {isa = PBXFileReference; lastKnownFileType = sourcecode.swift; path = RestObjectResponse.swift; sourceTree = "<group>"; };
		B1D055CC264B130F00E3F62A /* RestService.swift */ = {isa = PBXFileReference; lastKnownFileType = sourcecode.swift; path = RestService.swift; sourceTree = "<group>"; };
		B1D055F8264B1FBA00E3F62A /* Interactor.swift */ = {isa = PBXFileReference; lastKnownFileType = sourcecode.swift; path = Interactor.swift; sourceTree = "<group>"; };
		B1D055FD264B20A500E3F62A /* ImagesInteractor.swift */ = {isa = PBXFileReference; lastKnownFileType = sourcecode.swift; path = ImagesInteractor.swift; sourceTree = "<group>"; };
		B1D05602264B297900E3F62A /* RestMetaResponse.swift */ = {isa = PBXFileReference; lastKnownFileType = sourcecode.swift; path = RestMetaResponse.swift; sourceTree = "<group>"; };
/* End PBXFileReference section */

/* Begin PBXFrameworksBuildPhase section */
		B1632606264AE650004A42FC /* Frameworks */ = {
			isa = PBXFrameworksBuildPhase;
			buildActionMask = 2147483647;
			files = (
				B1632675264AEBDE004A42FC /* Alamofire in Frameworks */,
				B163267B264AEBFF004A42FC /* AlamofireImage in Frameworks */,
			);
			runOnlyForDeploymentPostprocessing = 0;
		};
		B163261C264AE651004A42FC /* Frameworks */ = {
			isa = PBXFrameworksBuildPhase;
			buildActionMask = 2147483647;
			files = (
			);
			runOnlyForDeploymentPostprocessing = 0;
		};
		B1632627264AE651004A42FC /* Frameworks */ = {
			isa = PBXFrameworksBuildPhase;
			buildActionMask = 2147483647;
			files = (
			);
			runOnlyForDeploymentPostprocessing = 0;
		};
/* End PBXFrameworksBuildPhase section */

/* Begin PBXGroup section */
		B1632600264AE650004A42FC = {
			isa = PBXGroup;
			children = (
				B163260B264AE650004A42FC /* CaseStudy */,
				B1632622264AE651004A42FC /* CaseStudyTests */,
				B163262D264AE651004A42FC /* CaseStudyUITests */,
				B163260A264AE650004A42FC /* Products */,
			);
			sourceTree = "<group>";
		};
		B163260A264AE650004A42FC /* Products */ = {
			isa = PBXGroup;
			children = (
				B1632609264AE650004A42FC /* CaseStudy.app */,
				B163261F264AE651004A42FC /* CaseStudyTests.xctest */,
				B163262A264AE651004A42FC /* CaseStudyUITests.xctest */,
			);
			name = Products;
			sourceTree = "<group>";
		};
		B163260B264AE650004A42FC /* CaseStudy */ = {
			isa = PBXGroup;
			children = (
				B163264F264AE92F004A42FC /* AppDelegate */,
				B1D05567264B0A9100E3F62A /* API */,
				B1D05547264B092B00E3F62A /* Common */,
				B1D05501264AEE6F00E3F62A /* Extensions */,
				B1632653264AE93D004A42FC /* Scenes */,
				B163263F264AE708004A42FC /* Resources */,
			);
			path = CaseStudy;
			sourceTree = "<group>";
		};
		B1632622264AE651004A42FC /* CaseStudyTests */ = {
			isa = PBXGroup;
			children = (
				B1632625264AE651004A42FC /* Info.plist */,
				B1D05530264B047900E3F62A /* Images */,
			);
			path = CaseStudyTests;
			sourceTree = "<group>";
		};
		B163262D264AE651004A42FC /* CaseStudyUITests */ = {
			isa = PBXGroup;
			children = (
				B163262E264AE651004A42FC /* CaseStudyUITests.swift */,
				B1632630264AE651004A42FC /* Info.plist */,
			);
			path = CaseStudyUITests;
			sourceTree = "<group>";
		};
		B163263F264AE708004A42FC /* Resources */ = {
			isa = PBXGroup;
			children = (
				B1632615264AE651004A42FC /* Assets.xcassets */,
				B163261A264AE651004A42FC /* Info.plist */,
				B1632617264AE651004A42FC /* LaunchScreen.storyboard */,
			);
			path = Resources;
			sourceTree = "<group>";
		};
		B163264F264AE92F004A42FC /* AppDelegate */ = {
			isa = PBXGroup;
			children = (
				B163260C264AE650004A42FC /* AppDelegate.swift */,
				B1D05516264AEFBF00E3F62A /* AppRouter.swift */,
			);
			path = AppDelegate;
			sourceTree = "<group>";
		};
		B1632653264AE93D004A42FC /* Scenes */ = {
			isa = PBXGroup;
			children = (
				B1D05500264AEE6100E3F62A /* Base */,
				B1B35D7C264C6C920087C252 /* Images */,
				B1632612264AE650004A42FC /* Main.storyboard */,
			);
			path = Scenes;
			sourceTree = "<group>";
		};
		B1AA446C264C88CD001028E5 /* Presentation */ = {
			isa = PBXGroup;
			children = (
				B1AD5D21264C760400F89918 /* ImagePresentation.swift */,
				B1AD5D2E264C7A3600F89918 /* ImagesPresentation.swift */,
			);
			path = Presentation;
			sourceTree = "<group>";
		};
		B1AA4470264C88D8001028E5 /* Cell */ = {
			isa = PBXGroup;
			children = (
				B1AA4479264C8909001028E5 /* ImageCell.swift */,
				B1AA4480264C8A81001028E5 /* ImageCellPresenter.swift */,
				B1AA447A264C8909001028E5 /* ImageCell.xib */,
			);
			path = Cell;
			sourceTree = "<group>";
		};
		B1AD5D1D264C750700F89918 /* UI */ = {
			isa = PBXGroup;
			children = (
				B1AD5D26264C779800F89918 /* View */,
				B1AA446C264C88CD001028E5 /* Presentation */,
			);
			path = UI;
			sourceTree = "<group>";
		};
		B1AD5D26264C779800F89918 /* View */ = {
			isa = PBXGroup;
			children = (
				B1AA4470264C88D8001028E5 /* Cell */,
			);
			path = View;
			sourceTree = "<group>";
		};
		B1B35D7C264C6C920087C252 /* Images */ = {
			isa = PBXGroup;
			children = (
				B1B35D7D264C6CB60087C252 /* API */,
				B1D055FD264B20A500E3F62A /* ImagesInteractor.swift */,
				B1D05523264AFD5700E3F62A /* ImagesPresenter.swift */,
				B1D05511264AEF6300E3F62A /* ImagesRouter.swift */,
				B1632610264AE650004A42FC /* ImagesViewController.swift */,
			);
			path = Images;
			sourceTree = "<group>";
		};
		B1B35D7D264C6CB60087C252 /* API */ = {
			isa = PBXGroup;
			children = (
				B1AD5D1D264C750700F89918 /* UI */,
				B1B35D7E264C6CBC0087C252 /* Entities */,
				B1B35D87264C6D1F0087C252 /* Task */,
			);
			path = API;
			sourceTree = "<group>";
		};
		B1B35D7E264C6CBC0087C252 /* Entities */ = {
			isa = PBXGroup;
			children = (
				B1B35D7F264C6CDE0087C252 /* Image.swift */,
			);
			path = Entities;
			sourceTree = "<group>";
		};
		B1B35D87264C6D1F0087C252 /* Task */ = {
			isa = PBXGroup;
			children = (
				B1B35D88264C6D2E0087C252 /* GetImagesTask.swift */,
			);
			path = Task;
			sourceTree = "<group>";
		};
		B1D05500264AEE6100E3F62A /* Base */ = {
			isa = PBXGroup;
			children = (
				B1D055F8264B1FBA00E3F62A /* Interactor.swift */,
				B1D0551E264AF7F400E3F62A /* Presenter.swift */,
				B1D0550C264AEF0400E3F62A /* Router.swift */,
				B1D054FB264AEE2E00E3F62A /* ViewController.swift */,
			);
			path = Base;
			sourceTree = "<group>";
		};
		B1D05501264AEE6F00E3F62A /* Extensions */ = {
			isa = PBXGroup;
			children = (
				B1D055A1264B0F5600E3F62A /* Alamofire */,
				B1D05556264B0A1600E3F62A /* Foundation */,
				B1D05502264AEE8A00E3F62A /* UIKit */,
			);
			path = Extensions;
			sourceTree = "<group>";
		};
		B1D05502264AEE8A00E3F62A /* UIKit */ = {
			isa = PBXGroup;
			children = (
				B1D05503264AEE9200E3F62A /* UIStoryboard */,
			);
			path = UIKit;
			sourceTree = "<group>";
		};
		B1D05503264AEE9200E3F62A /* UIStoryboard */ = {
			isa = PBXGroup;
			children = (
				B1D05504264AEEB100E3F62A /* UIStoryboard+Additions.swift */,
			);
			path = UIStoryboard;
			sourceTree = "<group>";
		};
		B1D05530264B047900E3F62A /* Images */ = {
			isa = PBXGroup;
			children = (
				B1D0552B264B016500E3F62A /* ImagesPresenterTests.swift */,
				B1D05537264B048500E3F62A /* MockImagesRouter.swift */,
				B1D0553C264B056C00E3F62A /* MockImagesView.swift */,
			);
			path = Images;
			sourceTree = "<group>";
		};
		B1D05547264B092B00E3F62A /* Common */ = {
			isa = PBXGroup;
			children = (
				B1D05548264B093400E3F62A /* ConfigReader */,
			);
			path = Common;
			sourceTree = "<group>";
		};
		B1D05548264B093400E3F62A /* ConfigReader */ = {
			isa = PBXGroup;
			children = (
				B1D05549264B094100E3F62A /* ConfigReader.swift */,
			);
			path = ConfigReader;
			sourceTree = "<group>";
		};
		B1D05556264B0A1600E3F62A /* Foundation */ = {
			isa = PBXGroup;
			children = (
				B1D055AA264B100200E3F62A /* Dictionary */,
				B1D0558B264B0E1100E3F62A /* Array */,
				B1D0555E264B0A5700E3F62A /* Bundle */,
				B1D0555A264B0A2000E3F62A /* String */,
			);
			path = Foundation;
			sourceTree = "<group>";
		};
		B1D0555A264B0A2000E3F62A /* String */ = {
			isa = PBXGroup;
			children = (
				B1D05551264B095B00E3F62A /* String+Additions.swift */,
			);
			path = String;
			sourceTree = "<group>";
		};
		B1D0555E264B0A5700E3F62A /* Bundle */ = {
			isa = PBXGroup;
			children = (
				B1D0555F264B0A6800E3F62A /* Bundle+Additions.swift */,
			);
			path = Bundle;
			sourceTree = "<group>";
		};
		B1D05567264B0A9100E3F62A /* API */ = {
			isa = PBXGroup;
			children = (
				B1D05568264B0AB200E3F62A /* API.swift */,
				B1D0556D264B0B2000E3F62A /* APIError.swift */,
				B1D05572264B0B6F00E3F62A /* APIResponse.swift */,
				B1D05577264B0B9200E3F62A /* Service.swift */,
				B1D0557C264B0BF600E3F62A /* Rest */,
				B1D05582264B0C2A00E3F62A /* Task */,
			);
			path = API;
			sourceTree = "<group>";
		};
		B1D0557C264B0BF600E3F62A /* Rest */ = {
			isa = PBXGroup;
			children = (
				B1D0557D264B0C0100E3F62A /* RestAPI.swift */,
				B1D05594264B0EB200E3F62A /* RestAPIMiddleware.swift */,
				B1D055CC264B130F00E3F62A /* RestService.swift */,
				B1D055C5264B116800E3F62A /* Response */,
			);
			path = Rest;
			sourceTree = "<group>";
		};
		B1D05582264B0C2A00E3F62A /* Task */ = {
			isa = PBXGroup;
			children = (
				B1D05583264B0C6600E3F62A /* HTTPTask.swift */,
			);
			path = Task;
			sourceTree = "<group>";
		};
		B1D0558B264B0E1100E3F62A /* Array */ = {
			isa = PBXGroup;
			children = (
				B1D0558C264B0E3300E3F62A /* Array+Additions.swift */,
			);
			path = Array;
			sourceTree = "<group>";
		};
		B1D055A1264B0F5600E3F62A /* Alamofire */ = {
			isa = PBXGroup;
			children = (
				B1D055A5264B0F7400E3F62A /* HTTPHeaders+Additions.swift */,
				B1D05599264B0F1E00E3F62A /* Alamofire+Additions.swift */,
			);
			path = Alamofire;
			sourceTree = "<group>";
		};
		B1D055AA264B100200E3F62A /* Dictionary */ = {
			isa = PBXGroup;
			children = (
				B1D055AB264B100F00E3F62A /* Dictionary+Additions.swift */,
			);
			path = Dictionary;
			sourceTree = "<group>";
		};
		B1D055C5264B116800E3F62A /* Response */ = {
			isa = PBXGroup;
			children = (
				B1D055B6264B10F100E3F62A /* RestResponse.swift */,
				B1D055BB264B10FF00E3F62A /* RestArrayResponse.swift */,
				B1D055C0264B115E00E3F62A /* RestObjectResponse.swift */,
				B1D05602264B297900E3F62A /* RestMetaResponse.swift */,
			);
			path = Response;
			sourceTree = "<group>";
		};
/* End PBXGroup section */

/* Begin PBXNativeTarget section */
		B1632608264AE650004A42FC /* CaseStudy */ = {
			isa = PBXNativeTarget;
			buildConfigurationList = B1632633264AE651004A42FC /* Build configuration list for PBXNativeTarget "CaseStudy" */;
			buildPhases = (
				B1632605264AE650004A42FC /* Sources */,
				B1632606264AE650004A42FC /* Frameworks */,
				B1632607264AE650004A42FC /* Resources */,
			);
			buildRules = (
			);
			dependencies = (
			);
			name = CaseStudy;
			packageProductDependencies = (
				B1632674264AEBDE004A42FC /* Alamofire */,
				B163267A264AEBFF004A42FC /* AlamofireImage */,
			);
			productName = CaseStudy;
			productReference = B1632609264AE650004A42FC /* CaseStudy.app */;
			productType = "com.apple.product-type.application";
		};
		B163261E264AE651004A42FC /* CaseStudyTests */ = {
			isa = PBXNativeTarget;
			buildConfigurationList = B1632636264AE651004A42FC /* Build configuration list for PBXNativeTarget "CaseStudyTests" */;
			buildPhases = (
				B163261B264AE651004A42FC /* Sources */,
				B163261C264AE651004A42FC /* Frameworks */,
				B163261D264AE651004A42FC /* Resources */,
			);
			buildRules = (
			);
			dependencies = (
				B1632621264AE651004A42FC /* PBXTargetDependency */,
			);
			name = CaseStudyTests;
			productName = CaseStudyTests;
			productReference = B163261F264AE651004A42FC /* CaseStudyTests.xctest */;
			productType = "com.apple.product-type.bundle.unit-test";
		};
		B1632629264AE651004A42FC /* CaseStudyUITests */ = {
			isa = PBXNativeTarget;
			buildConfigurationList = B1632639264AE651004A42FC /* Build configuration list for PBXNativeTarget "CaseStudyUITests" */;
			buildPhases = (
				B1632626264AE651004A42FC /* Sources */,
				B1632627264AE651004A42FC /* Frameworks */,
				B1632628264AE651004A42FC /* Resources */,
			);
			buildRules = (
			);
			dependencies = (
				B163262C264AE651004A42FC /* PBXTargetDependency */,
			);
			name = CaseStudyUITests;
			productName = CaseStudyUITests;
			productReference = B163262A264AE651004A42FC /* CaseStudyUITests.xctest */;
			productType = "com.apple.product-type.bundle.ui-testing";
		};
/* End PBXNativeTarget section */

/* Begin PBXProject section */
		B1632601264AE650004A42FC /* Project object */ = {
			isa = PBXProject;
			attributes = {
				LastSwiftUpdateCheck = 1240;
				LastUpgradeCheck = 1240;
				TargetAttributes = {
					B1632608264AE650004A42FC = {
						CreatedOnToolsVersion = 12.4;
					};
					B163261E264AE651004A42FC = {
						CreatedOnToolsVersion = 12.4;
						TestTargetID = B1632608264AE650004A42FC;
					};
					B1632629264AE651004A42FC = {
						CreatedOnToolsVersion = 12.4;
						TestTargetID = B1632608264AE650004A42FC;
					};
				};
			};
			buildConfigurationList = B1632604264AE650004A42FC /* Build configuration list for PBXProject "CaseStudy" */;
			compatibilityVersion = "Xcode 9.3";
			developmentRegion = en;
			hasScannedForEncodings = 0;
			knownRegions = (
				en,
				Base,
			);
			mainGroup = B1632600264AE650004A42FC;
			packageReferences = (
				B1632673264AEBDE004A42FC /* XCRemoteSwiftPackageReference "Alamofire" */,
				B1632679264AEBFF004A42FC /* XCRemoteSwiftPackageReference "AlamofireImage" */,
			);
			productRefGroup = B163260A264AE650004A42FC /* Products */;
			projectDirPath = "";
			projectRoot = "";
			targets = (
				B1632608264AE650004A42FC /* CaseStudy */,
				B163261E264AE651004A42FC /* CaseStudyTests */,
				B1632629264AE651004A42FC /* CaseStudyUITests */,
			);
		};
/* End PBXProject section */

/* Begin PBXResourcesBuildPhase section */
		B1632607264AE650004A42FC /* Resources */ = {
			isa = PBXResourcesBuildPhase;
			buildActionMask = 2147483647;
			files = (
				B1632619264AE651004A42FC /* LaunchScreen.storyboard in Resources */,
				B1AA447C264C8909001028E5 /* ImageCell.xib in Resources */,
				B1632616264AE651004A42FC /* Assets.xcassets in Resources */,
				B1632614264AE650004A42FC /* Main.storyboard in Resources */,
			);
			runOnlyForDeploymentPostprocessing = 0;
		};
		B163261D264AE651004A42FC /* Resources */ = {
			isa = PBXResourcesBuildPhase;
			buildActionMask = 2147483647;
			files = (
			);
			runOnlyForDeploymentPostprocessing = 0;
		};
		B1632628264AE651004A42FC /* Resources */ = {
			isa = PBXResourcesBuildPhase;
			buildActionMask = 2147483647;
			files = (
			);
			runOnlyForDeploymentPostprocessing = 0;
		};
/* End PBXResourcesBuildPhase section */

/* Begin PBXSourcesBuildPhase section */
		B1632605264AE650004A42FC /* Sources */ = {
			isa = PBXSourcesBuildPhase;
			buildActionMask = 2147483647;
			files = (
				B1D05512264AEF6300E3F62A /* ImagesRouter.swift in Sources */,
				B1D05560264B0A6800E3F62A /* Bundle+Additions.swift in Sources */,
				B1B35D80264C6CDE0087C252 /* Image.swift in Sources */,
				B1D055CD264B130F00E3F62A /* RestService.swift in Sources */,
				B1D05505264AEEB100E3F62A /* UIStoryboard+Additions.swift in Sources */,
				B1D0551F264AF7F400E3F62A /* Presenter.swift in Sources */,
				B1AD5D2F264C7A3600F89918 /* ImagesPresentation.swift in Sources */,
				B1D055A6264B0F7400E3F62A /* HTTPHeaders+Additions.swift in Sources */,
				B1D05595264B0EB200E3F62A /* RestAPIMiddleware.swift in Sources */,
				B1D054FC264AEE2E00E3F62A /* ViewController.swift in Sources */,
				B1D0559A264B0F1E00E3F62A /* Alamofire+Additions.swift in Sources */,
				B1D0550D264AEF0500E3F62A /* Router.swift in Sources */,
				B1D05524264AFD5700E3F62A /* ImagesPresenter.swift in Sources */,
				B1D05517264AEFBF00E3F62A /* AppRouter.swift in Sources */,
				B1D055C1264B115E00E3F62A /* RestObjectResponse.swift in Sources */,
				B1D0558D264B0E3300E3F62A /* Array+Additions.swift in Sources */,
				B1D05573264B0B6F00E3F62A /* APIResponse.swift in Sources */,
				B1D055BC264B10FF00E3F62A /* RestArrayResponse.swift in Sources */,
				B1D05578264B0B9200E3F62A /* Service.swift in Sources */,
				B1AA447B264C8909001028E5 /* ImageCell.swift in Sources */,
				B1D05603264B297900E3F62A /* RestMetaResponse.swift in Sources */,
				B1D05569264B0AB200E3F62A /* API.swift in Sources */,
				B1D055FE264B20A500E3F62A /* ImagesInteractor.swift in Sources */,
				B1D055AC264B100F00E3F62A /* Dictionary+Additions.swift in Sources */,
				B1D0557E264B0C0100E3F62A /* RestAPI.swift in Sources */,
				B1B35D89264C6D2E0087C252 /* GetImagesTask.swift in Sources */,
				B1AD5D22264C760400F89918 /* ImagePresentation.swift in Sources */,
				B1D05584264B0C6600E3F62A /* HTTPTask.swift in Sources */,
				B1D055B7264B10F100E3F62A /* RestResponse.swift in Sources */,
				B1632611264AE650004A42FC /* ImagesViewController.swift in Sources */,
				B1D0554A264B094100E3F62A /* ConfigReader.swift in Sources */,
				B163260D264AE650004A42FC /* AppDelegate.swift in Sources */,
				B1D05552264B095B00E3F62A /* String+Additions.swift in Sources */,
				B1D055F9264B1FBA00E3F62A /* Interactor.swift in Sources */,
				B1AA4481264C8A81001028E5 /* ImageCellPresenter.swift in Sources */,
				B1D0556E264B0B2000E3F62A /* APIError.swift in Sources */,
			);
			runOnlyForDeploymentPostprocessing = 0;
		};
		B163261B264AE651004A42FC /* Sources */ = {
			isa = PBXSourcesBuildPhase;
			buildActionMask = 2147483647;
			files = (
				B1D05538264B048500E3F62A /* MockImagesRouter.swift in Sources */,
				B1D0552C264B016500E3F62A /* ImagesPresenterTests.swift in Sources */,
				B1D0553D264B056C00E3F62A /* MockImagesView.swift in Sources */,
			);
			runOnlyForDeploymentPostprocessing = 0;
		};
		B1632626264AE651004A42FC /* Sources */ = {
			isa = PBXSourcesBuildPhase;
			buildActionMask = 2147483647;
			files = (
				B163262F264AE651004A42FC /* CaseStudyUITests.swift in Sources */,
			);
			runOnlyForDeploymentPostprocessing = 0;
		};
/* End PBXSourcesBuildPhase section */

/* Begin PBXTargetDependency section */
		B1632621264AE651004A42FC /* PBXTargetDependency */ = {
			isa = PBXTargetDependency;
			target = B1632608264AE650004A42FC /* CaseStudy */;
			targetProxy = B1632620264AE651004A42FC /* PBXContainerItemProxy */;
		};
		B163262C264AE651004A42FC /* PBXTargetDependency */ = {
			isa = PBXTargetDependency;
			target = B1632608264AE650004A42FC /* CaseStudy */;
			targetProxy = B163262B264AE651004A42FC /* PBXContainerItemProxy */;
		};
/* End PBXTargetDependency section */

/* Begin PBXVariantGroup section */
		B1632612264AE650004A42FC /* Main.storyboard */ = {
			isa = PBXVariantGroup;
			children = (
				B1632613264AE650004A42FC /* Base */,
			);
			name = Main.storyboard;
			sourceTree = "<group>";
		};
		B1632617264AE651004A42FC /* LaunchScreen.storyboard */ = {
			isa = PBXVariantGroup;
			children = (
				B1632618264AE651004A42FC /* Base */,
			);
			name = LaunchScreen.storyboard;
			sourceTree = "<group>";
		};
/* End PBXVariantGroup section */

/* Begin XCBuildConfiguration section */
		B1632631264AE651004A42FC /* Debug */ = {
			isa = XCBuildConfiguration;
			buildSettings = {
				ALWAYS_SEARCH_USER_PATHS = NO;
				CLANG_ANALYZER_NONNULL = YES;
				CLANG_ANALYZER_NUMBER_OBJECT_CONVERSION = YES_AGGRESSIVE;
				CLANG_CXX_LANGUAGE_STANDARD = "gnu++14";
				CLANG_CXX_LIBRARY = "libc++";
				CLANG_ENABLE_MODULES = YES;
				CLANG_ENABLE_OBJC_ARC = YES;
				CLANG_ENABLE_OBJC_WEAK = YES;
				CLANG_WARN_BLOCK_CAPTURE_AUTORELEASING = YES;
				CLANG_WARN_BOOL_CONVERSION = YES;
				CLANG_WARN_COMMA = YES;
				CLANG_WARN_CONSTANT_CONVERSION = YES;
				CLANG_WARN_DEPRECATED_OBJC_IMPLEMENTATIONS = YES;
				CLANG_WARN_DIRECT_OBJC_ISA_USAGE = YES_ERROR;
				CLANG_WARN_DOCUMENTATION_COMMENTS = YES;
				CLANG_WARN_EMPTY_BODY = YES;
				CLANG_WARN_ENUM_CONVERSION = YES;
				CLANG_WARN_INFINITE_RECURSION = YES;
				CLANG_WARN_INT_CONVERSION = YES;
				CLANG_WARN_NON_LITERAL_NULL_CONVERSION = YES;
				CLANG_WARN_OBJC_IMPLICIT_RETAIN_SELF = YES;
				CLANG_WARN_OBJC_LITERAL_CONVERSION = YES;
				CLANG_WARN_OBJC_ROOT_CLASS = YES_ERROR;
				CLANG_WARN_QUOTED_INCLUDE_IN_FRAMEWORK_HEADER = YES;
				CLANG_WARN_RANGE_LOOP_ANALYSIS = YES;
				CLANG_WARN_STRICT_PROTOTYPES = YES;
				CLANG_WARN_SUSPICIOUS_MOVE = YES;
				CLANG_WARN_UNGUARDED_AVAILABILITY = YES_AGGRESSIVE;
				CLANG_WARN_UNREACHABLE_CODE = YES;
				CLANG_WARN__DUPLICATE_METHOD_MATCH = YES;
				COPY_PHASE_STRIP = NO;
				DEBUG_INFORMATION_FORMAT = dwarf;
				ENABLE_STRICT_OBJC_MSGSEND = YES;
				ENABLE_TESTABILITY = YES;
				GCC_C_LANGUAGE_STANDARD = gnu11;
				GCC_DYNAMIC_NO_PIC = NO;
				GCC_NO_COMMON_BLOCKS = YES;
				GCC_OPTIMIZATION_LEVEL = 0;
				GCC_PREPROCESSOR_DEFINITIONS = (
					"DEBUG=1",
					"$(inherited)",
				);
				GCC_WARN_64_TO_32_BIT_CONVERSION = YES;
				GCC_WARN_ABOUT_RETURN_TYPE = YES_ERROR;
				GCC_WARN_UNDECLARED_SELECTOR = YES;
				GCC_WARN_UNINITIALIZED_AUTOS = YES_AGGRESSIVE;
				GCC_WARN_UNUSED_FUNCTION = YES;
				GCC_WARN_UNUSED_VARIABLE = YES;
				IPHONEOS_DEPLOYMENT_TARGET = 13.0;
				MTL_ENABLE_DEBUG_INFO = INCLUDE_SOURCE;
				MTL_FAST_MATH = YES;
				ONLY_ACTIVE_ARCH = YES;
				SDKROOT = iphoneos;
				SWIFT_ACTIVE_COMPILATION_CONDITIONS = DEBUG;
				SWIFT_OPTIMIZATION_LEVEL = "-Onone";
			};
			name = Debug;
		};
		B1632632264AE651004A42FC /* Release */ = {
			isa = XCBuildConfiguration;
			buildSettings = {
				ALWAYS_SEARCH_USER_PATHS = NO;
				CLANG_ANALYZER_NONNULL = YES;
				CLANG_ANALYZER_NUMBER_OBJECT_CONVERSION = YES_AGGRESSIVE;
				CLANG_CXX_LANGUAGE_STANDARD = "gnu++14";
				CLANG_CXX_LIBRARY = "libc++";
				CLANG_ENABLE_MODULES = YES;
				CLANG_ENABLE_OBJC_ARC = YES;
				CLANG_ENABLE_OBJC_WEAK = YES;
				CLANG_WARN_BLOCK_CAPTURE_AUTORELEASING = YES;
				CLANG_WARN_BOOL_CONVERSION = YES;
				CLANG_WARN_COMMA = YES;
				CLANG_WARN_CONSTANT_CONVERSION = YES;
				CLANG_WARN_DEPRECATED_OBJC_IMPLEMENTATIONS = YES;
				CLANG_WARN_DIRECT_OBJC_ISA_USAGE = YES_ERROR;
				CLANG_WARN_DOCUMENTATION_COMMENTS = YES;
				CLANG_WARN_EMPTY_BODY = YES;
				CLANG_WARN_ENUM_CONVERSION = YES;
				CLANG_WARN_INFINITE_RECURSION = YES;
				CLANG_WARN_INT_CONVERSION = YES;
				CLANG_WARN_NON_LITERAL_NULL_CONVERSION = YES;
				CLANG_WARN_OBJC_IMPLICIT_RETAIN_SELF = YES;
				CLANG_WARN_OBJC_LITERAL_CONVERSION = YES;
				CLANG_WARN_OBJC_ROOT_CLASS = YES_ERROR;
				CLANG_WARN_QUOTED_INCLUDE_IN_FRAMEWORK_HEADER = YES;
				CLANG_WARN_RANGE_LOOP_ANALYSIS = YES;
				CLANG_WARN_STRICT_PROTOTYPES = YES;
				CLANG_WARN_SUSPICIOUS_MOVE = YES;
				CLANG_WARN_UNGUARDED_AVAILABILITY = YES_AGGRESSIVE;
				CLANG_WARN_UNREACHABLE_CODE = YES;
				CLANG_WARN__DUPLICATE_METHOD_MATCH = YES;
				COPY_PHASE_STRIP = NO;
				DEBUG_INFORMATION_FORMAT = "dwarf-with-dsym";
				ENABLE_NS_ASSERTIONS = NO;
				ENABLE_STRICT_OBJC_MSGSEND = YES;
				GCC_C_LANGUAGE_STANDARD = gnu11;
				GCC_NO_COMMON_BLOCKS = YES;
				GCC_WARN_64_TO_32_BIT_CONVERSION = YES;
				GCC_WARN_ABOUT_RETURN_TYPE = YES_ERROR;
				GCC_WARN_UNDECLARED_SELECTOR = YES;
				GCC_WARN_UNINITIALIZED_AUTOS = YES_AGGRESSIVE;
				GCC_WARN_UNUSED_FUNCTION = YES;
				GCC_WARN_UNUSED_VARIABLE = YES;
				IPHONEOS_DEPLOYMENT_TARGET = 13.0;
				MTL_ENABLE_DEBUG_INFO = NO;
				MTL_FAST_MATH = YES;
				SDKROOT = iphoneos;
				SWIFT_COMPILATION_MODE = wholemodule;
				SWIFT_OPTIMIZATION_LEVEL = "-O";
				VALIDATE_PRODUCT = YES;
			};
			name = Release;
		};
		B1632634264AE651004A42FC /* Debug */ = {
			isa = XCBuildConfiguration;
			buildSettings = {
				API_HOST = 54.78.219.186;
				API_PORT = 8081;
				API_SCHEME = http;
				ASSETCATALOG_COMPILER_APPICON_NAME = AppIcon;
				ASSETCATALOG_COMPILER_GLOBAL_ACCENT_COLOR_NAME = AccentColor;
				CODE_SIGN_STYLE = Automatic;
				DEVELOPMENT_TEAM = VALK7BP96F;
				INFOPLIST_FILE = CaseStudy/Resources/Info.plist;
				LD_RUNPATH_SEARCH_PATHS = (
					"$(inherited)",
					"@executable_path/Frameworks",
				);
				PRODUCT_BUNDLE_IDENTIFIER = com.yildizkoray.CaseStudy;
				PRODUCT_NAME = "$(TARGET_NAME)";
				SWIFT_VERSION = 5.0;
				TARGETED_DEVICE_FAMILY = "1,2";
			};
			name = Debug;
		};
		B1632635264AE651004A42FC /* Release */ = {
			isa = XCBuildConfiguration;
			buildSettings = {
				API_HOST = 54.78.219.186;
				API_PORT = 8081;
				API_SCHEME = http;
				ASSETCATALOG_COMPILER_APPICON_NAME = AppIcon;
				ASSETCATALOG_COMPILER_GLOBAL_ACCENT_COLOR_NAME = AccentColor;
				CODE_SIGN_STYLE = Automatic;
				DEVELOPMENT_TEAM = VALK7BP96F;
				INFOPLIST_FILE = CaseStudy/Resources/Info.plist;
				LD_RUNPATH_SEARCH_PATHS = (
					"$(inherited)",
					"@executable_path/Frameworks",
				);
				PRODUCT_BUNDLE_IDENTIFIER = com.yildizkoray.CaseStudy;
				PRODUCT_NAME = "$(TARGET_NAME)";
				SWIFT_VERSION = 5.0;
				TARGETED_DEVICE_FAMILY = "1,2";
			};
			name = Release;
		};
		B1632637264AE651004A42FC /* Debug */ = {
			isa = XCBuildConfiguration;
			buildSettings = {
				ALWAYS_EMBED_SWIFT_STANDARD_LIBRARIES = YES;
				BUNDLE_LOADER = "$(TEST_HOST)";
				CODE_SIGN_STYLE = Automatic;
				DEVELOPMENT_TEAM = VALK7BP96F;
				INFOPLIST_FILE = CaseStudyTests/Info.plist;
				IPHONEOS_DEPLOYMENT_TARGET = 14.4;
				LD_RUNPATH_SEARCH_PATHS = (
					"$(inherited)",
					"@executable_path/Frameworks",
					"@loader_path/Frameworks",
				);
				PRODUCT_BUNDLE_IDENTIFIER = com.yildizkoray.CaseStudyTests;
				PRODUCT_NAME = "$(TARGET_NAME)";
				SWIFT_VERSION = 5.0;
				TARGETED_DEVICE_FAMILY = "1,2";
				TEST_HOST = "$(BUILT_PRODUCTS_DIR)/CaseStudy.app/CaseStudy";
			};
			name = Debug;
		};
		B1632638264AE651004A42FC /* Release */ = {
			isa = XCBuildConfiguration;
			buildSettings = {
				ALWAYS_EMBED_SWIFT_STANDARD_LIBRARIES = YES;
				BUNDLE_LOADER = "$(TEST_HOST)";
				CODE_SIGN_STYLE = Automatic;
				DEVELOPMENT_TEAM = VALK7BP96F;
				INFOPLIST_FILE = CaseStudyTests/Info.plist;
				IPHONEOS_DEPLOYMENT_TARGET = 14.4;
				LD_RUNPATH_SEARCH_PATHS = (
					"$(inherited)",
					"@executable_path/Frameworks",
					"@loader_path/Frameworks",
				);
				PRODUCT_BUNDLE_IDENTIFIER = com.yildizkoray.CaseStudyTests;
				PRODUCT_NAME = "$(TARGET_NAME)";
				SWIFT_VERSION = 5.0;
				TARGETED_DEVICE_FAMILY = "1,2";
				TEST_HOST = "$(BUILT_PRODUCTS_DIR)/CaseStudy.app/CaseStudy";
			};
			name = Release;
		};
		B163263A264AE651004A42FC /* Debug */ = {
			isa = XCBuildConfiguration;
			buildSettings = {
				ALWAYS_EMBED_SWIFT_STANDARD_LIBRARIES = YES;
				CODE_SIGN_STYLE = Automatic;
				DEVELOPMENT_TEAM = VALK7BP96F;
				INFOPLIST_FILE = CaseStudyUITests/Info.plist;
				LD_RUNPATH_SEARCH_PATHS = (
					"$(inherited)",
					"@executable_path/Frameworks",
					"@loader_path/Frameworks",
				);
				PRODUCT_BUNDLE_IDENTIFIER = com.yildizkoray.CaseStudyUITests;
				PRODUCT_NAME = "$(TARGET_NAME)";
				SWIFT_VERSION = 5.0;
				TARGETED_DEVICE_FAMILY = "1,2";
				TEST_TARGET_NAME = CaseStudy;
			};
			name = Debug;
		};
		B163263B264AE651004A42FC /* Release */ = {
			isa = XCBuildConfiguration;
			buildSettings = {
				ALWAYS_EMBED_SWIFT_STANDARD_LIBRARIES = YES;
				CODE_SIGN_STYLE = Automatic;
				DEVELOPMENT_TEAM = VALK7BP96F;
				INFOPLIST_FILE = CaseStudyUITests/Info.plist;
				LD_RUNPATH_SEARCH_PATHS = (
					"$(inherited)",
					"@executable_path/Frameworks",
					"@loader_path/Frameworks",
				);
				PRODUCT_BUNDLE_IDENTIFIER = com.yildizkoray.CaseStudyUITests;
				PRODUCT_NAME = "$(TARGET_NAME)";
				SWIFT_VERSION = 5.0;
				TARGETED_DEVICE_FAMILY = "1,2";
				TEST_TARGET_NAME = CaseStudy;
			};
			name = Release;
		};
/* End XCBuildConfiguration section */

/* Begin XCConfigurationList section */
		B1632604264AE650004A42FC /* Build configuration list for PBXProject "CaseStudy" */ = {
			isa = XCConfigurationList;
			buildConfigurations = (
				B1632631264AE651004A42FC /* Debug */,
				B1632632264AE651004A42FC /* Release */,
			);
			defaultConfigurationIsVisible = 0;
			defaultConfigurationName = Release;
		};
		B1632633264AE651004A42FC /* Build configuration list for PBXNativeTarget "CaseStudy" */ = {
			isa = XCConfigurationList;
			buildConfigurations = (
				B1632634264AE651004A42FC /* Debug */,
				B1632635264AE651004A42FC /* Release */,
			);
			defaultConfigurationIsVisible = 0;
			defaultConfigurationName = Release;
		};
		B1632636264AE651004A42FC /* Build configuration list for PBXNativeTarget "CaseStudyTests" */ = {
			isa = XCConfigurationList;
			buildConfigurations = (
				B1632637264AE651004A42FC /* Debug */,
				B1632638264AE651004A42FC /* Release */,
			);
			defaultConfigurationIsVisible = 0;
			defaultConfigurationName = Release;
		};
		B1632639264AE651004A42FC /* Build configuration list for PBXNativeTarget "CaseStudyUITests" */ = {
			isa = XCConfigurationList;
			buildConfigurations = (
				B163263A264AE651004A42FC /* Debug */,
				B163263B264AE651004A42FC /* Release */,
			);
			defaultConfigurationIsVisible = 0;
			defaultConfigurationName = Release;
		};
/* End XCConfigurationList section */

/* Begin XCRemoteSwiftPackageReference section */
		B1632673264AEBDE004A42FC /* XCRemoteSwiftPackageReference "Alamofire" */ = {
			isa = XCRemoteSwiftPackageReference;
			repositoryURL = "https://github.com/Alamofire/Alamofire.git";
			requirement = {
				kind = exactVersion;
				version = 5.4.3;
			};
		};
		B1632679264AEBFF004A42FC /* XCRemoteSwiftPackageReference "AlamofireImage" */ = {
			isa = XCRemoteSwiftPackageReference;
			repositoryURL = "https://github.com/Alamofire/AlamofireImage.git";
			requirement = {
				kind = exactVersion;
				version = 4.2.0;
			};
		};
/* End XCRemoteSwiftPackageReference section */

/* Begin XCSwiftPackageProductDependency section */
		B1632674264AEBDE004A42FC /* Alamofire */ = {
			isa = XCSwiftPackageProductDependency;
			package = B1632673264AEBDE004A42FC /* XCRemoteSwiftPackageReference "Alamofire" */;
			productName = Alamofire;
		};
		B163267A264AEBFF004A42FC /* AlamofireImage */ = {
			isa = XCSwiftPackageProductDependency;
			package = B1632679264AEBFF004A42FC /* XCRemoteSwiftPackageReference "AlamofireImage" */;
			productName = AlamofireImage;
		};
/* End XCSwiftPackageProductDependency section */
	};
	rootObject = B1632601264AE650004A42FC /* Project object */;
}
